
Microsoft Visual Studio Solution File, Format Version 12.00
# Visual Studio Version 16
VisualStudioVersion = 16.0.32428.217
MinimumVisualStudioVersion = 10.0.40219.1
Project("{FAE04EC0-301F-11D3-BF4B-00C04F79EFBC}") = "LibMicCognitive", "LibMicCognitive\LibMicCognitive.csproj", "{DD485A0E-77E3-4405-A06D-9851DA6D65C3}"
EndProject
Global
	GlobalSection(SolutionConfigurationPlatforms) = preSolution
		Debug|Any CPU = Debug|Any CPU
		Debug|x64 = Debug|x64
		Release|Any CPU = Release|Any CPU
		Release|x64 = Release|x64
	EndGlobalSection
	GlobalSection(ProjectConfigurationPlatforms) = postSolution
		{DD485A0E-77E3-4405-A06D-9851DA6D65C3}.Debug|x64.ActiveCfg = Debug|x64
		{DD485A0E-77E3-4405-A06D-9851DA6D65C3}.Debug|x64.Build.0 = Debug|x64
		{DD485A0E-77E3-4405-A06D-9851DA6D65C3}.Release|x64.ActiveCfg = Release|x64
		{DD485A0E-77E3-4405-A06D-9851DA6D65C3}.Release|x64.Build.0 = Release|x64
		{DD485A0E-77E3-4405-A06D-9851DA6D65C3}.Debug|Any CPU.ActiveCfg = Release|x64
		{DD485A0E-77E3-4405-A06D-9851DA6D65C3}.Debug|Any CPU.Build.0 = Release|x64
	EndGlobalSection
	GlobalSection(SolutionProperties) = preSolution
		HideSolutionNode = FALSE
	EndGlobalSection
	GlobalSection(ExtensibilityGlobals) = postSolution
		SolutionGuid = {8B23386C-BD81-4789-BFEB-0CFE6D05E211}
	EndGlobalSection
EndGlobal
